
Microsoft Visual Studio Solution File, Format Version 12.00
# Visual Studio Version 17
VisualStudioVersion = 17.9.34723.18
MinimumVisualStudioVersion = 10.0.40219.1
Project("{8BC9CEB8-8B4A-11D0-8D11-00A0C91BC942}") = "Projet2_Huffman", "Projet2_Huffman.vcxproj", "{DFFF32AF-AE7B-4A37-B53F-A8B7B10E2A6F}"
EndProject
Global
	GlobalSection(SolutionConfigurationPlatforms) = preSolution
		Debug|x64 = Debug|x64
		Debug|x86 = Debug|x86
		Release|x64 = Release|x64
		Release|x86 = Release|x86
	EndGlobalSection
	GlobalSection(ProjectConfigurationPlatforms) = postSolution
		{DFFF32AF-AE7B-4A37-B53F-A8B7B10E2A6F}.Debug|x64.ActiveCfg = Release|x64
		{DFFF32AF-AE7B-4A37-B53F-A8B7B10E2A6F}.Debug|x64.Build.0 = Release|x64
		{DFFF32AF-AE7B-4A37-B53F-A8B7B10E2A6F}.Debug|x86.ActiveCfg = Debug|Win32
		{DFFF32AF-AE7B-4A37-B53F-A8B7B10E2A6F}.Debug|x86.Build.0 = Debug|Win32
		{DFFF32AF-AE7B-4A37-B53F-A8B7B10E2A6F}.Release|x64.ActiveCfg = Release|x64
		{DFFF32AF-AE7B-4A37-B53F-A8B7B10E2A6F}.Release|x64.Build.0 = Release|x64
		{DFFF32AF-AE7B-4A37-B53F-A8B7B10E2A6F}.Release|x86.ActiveCfg = Release|Win32
		{DFFF32AF-AE7B-4A37-B53F-A8B7B10E2A6F}.Release|x86.Build.0 = Release|Win32
	EndGlobalSection
	GlobalSection(SolutionProperties) = preSolution
		HideSolutionNode = FALSE
	EndGlobalSection
	GlobalSection(ExtensibilityGlobals) = postSolution
		SolutionGuid = {6DDAECF6-97F1-4E6B-9590-18121DC2C2AC}
	EndGlobalSection
EndGlobal
